
Microsoft Visual Studio Solution File, Format Version 12.00
# Visual Studio Version 16
VisualStudioVersion = 16.0.32106.194
MinimumVisualStudioVersion = 10.0.40219.1
Project("{9A19103F-16F7-4668-BE54-9A1E7A4F7556}") = "AllOrNothing.Data", "AllOrNothing.Data\AllOrNothing.Data.csproj", "{E6D589DC-1448-4899-AD7F-62DA14888E9C}"
EndProject
Project("{9A19103F-16F7-4668-BE54-9A1E7A4F7556}") = "AllOrNothing.Repository", "AllOrNothing.Repository\AllOrNothing.Repository.csproj", "{D473DDEA-45FC-4C12-8B95-96EB4D5F8CA1}"
EndProject
Project("{9A19103F-16F7-4668-BE54-9A1E7A4F7556}") = "AllOrNothing", "AllOrNothing\AllOrNothing.csproj", "{84F1B19C-D22A-4555-A9A0-CF6608EBE2DF}"
EndProject
Project("{FAE04EC0-301F-11D3-BF4B-00C04F79EFBC}") = "AllOrNothing.AutoMapper", "AllOrNothing.AutoMapper\AllOrNothing.AutoMapper.csproj", "{1B6FDB20-46ED-4906-BE30-6B624CBB7965}"
EndProject
Global
	GlobalSection(SolutionConfigurationPlatforms) = preSolution
		Debug|Any CPU = Debug|Any CPU
		Debug|arm64 = Debug|arm64
		Debug|x64 = Debug|x64
		Debug|x86 = Debug|x86
		Release|Any CPU = Release|Any CPU
		Release|arm64 = Release|arm64
		Release|x64 = Release|x64
		Release|x86 = Release|x86
	EndGlobalSection
	GlobalSection(ProjectConfigurationPlatforms) = postSolution
		{E6D589DC-1448-4899-AD7F-62DA14888E9C}.Debug|Any CPU.ActiveCfg = Debug|Any CPU
		{E6D589DC-1448-4899-AD7F-62DA14888E9C}.Debug|Any CPU.Build.0 = Debug|Any CPU
		{E6D589DC-1448-4899-AD7F-62DA14888E9C}.Debug|arm64.ActiveCfg = Debug|Any CPU
		{E6D589DC-1448-4899-AD7F-62DA14888E9C}.Debug|arm64.Build.0 = Debug|Any CPU
		{E6D589DC-1448-4899-AD7F-62DA14888E9C}.Debug|x64.ActiveCfg = Debug|Any CPU
		{E6D589DC-1448-4899-AD7F-62DA14888E9C}.Debug|x64.Build.0 = Debug|Any CPU
		{E6D589DC-1448-4899-AD7F-62DA14888E9C}.Debug|x86.ActiveCfg = Debug|Any CPU
		{E6D589DC-1448-4899-AD7F-62DA14888E9C}.Debug|x86.Build.0 = Debug|Any CPU
		{E6D589DC-1448-4899-AD7F-62DA14888E9C}.Release|Any CPU.ActiveCfg = Release|Any CPU
		{E6D589DC-1448-4899-AD7F-62DA14888E9C}.Release|Any CPU.Build.0 = Release|Any CPU
		{E6D589DC-1448-4899-AD7F-62DA14888E9C}.Release|arm64.ActiveCfg = Release|Any CPU
		{E6D589DC-1448-4899-AD7F-62DA14888E9C}.Release|arm64.Build.0 = Release|Any CPU
		{E6D589DC-1448-4899-AD7F-62DA14888E9C}.Release|x64.ActiveCfg = Release|Any CPU
		{E6D589DC-1448-4899-AD7F-62DA14888E9C}.Release|x64.Build.0 = Release|Any CPU
		{E6D589DC-1448-4899-AD7F-62DA14888E9C}.Release|x86.ActiveCfg = Release|Any CPU
		{E6D589DC-1448-4899-AD7F-62DA14888E9C}.Release|x86.Build.0 = Release|Any CPU
		{D473DDEA-45FC-4C12-8B95-96EB4D5F8CA1}.Debug|Any CPU.ActiveCfg = Debug|Any CPU
		{D473DDEA-45FC-4C12-8B95-96EB4D5F8CA1}.Debug|Any CPU.Build.0 = Debug|Any CPU
		{D473DDEA-45FC-4C12-8B95-96EB4D5F8CA1}.Debug|arm64.ActiveCfg = Debug|Any CPU
		{D473DDEA-45FC-4C12-8B95-96EB4D5F8CA1}.Debug|arm64.Build.0 = Debug|Any CPU
		{D473DDEA-45FC-4C12-8B95-96EB4D5F8CA1}.Debug|x64.ActiveCfg = Debug|Any CPU
		{D473DDEA-45FC-4C12-8B95-96EB4D5F8CA1}.Debug|x64.Build.0 = Debug|Any CPU
		{D473DDEA-45FC-4C12-8B95-96EB4D5F8CA1}.Debug|x86.ActiveCfg = Debug|Any CPU
		{D473DDEA-45FC-4C12-8B95-96EB4D5F8CA1}.Debug|x86.Build.0 = Debug|Any CPU
		{D473DDEA-45FC-4C12-8B95-96EB4D5F8CA1}.Release|Any CPU.ActiveCfg = Release|Any CPU
		{D473DDEA-45FC-4C12-8B95-96EB4D5F8CA1}.Release|Any CPU.Build.0 = Release|Any CPU
		{D473DDEA-45FC-4C12-8B95-96EB4D5F8CA1}.Release|arm64.ActiveCfg = Release|Any CPU
		{D473DDEA-45FC-4C12-8B95-96EB4D5F8CA1}.Release|arm64.Build.0 = Release|Any CPU
		{D473DDEA-45FC-4C12-8B95-96EB4D5F8CA1}.Release|x64.ActiveCfg = Release|Any CPU
		{D473DDEA-45FC-4C12-8B95-96EB4D5F8CA1}.Release|x64.Build.0 = Release|Any CPU
		{D473DDEA-45FC-4C12-8B95-96EB4D5F8CA1}.Release|x86.ActiveCfg = Release|Any CPU
		{D473DDEA-45FC-4C12-8B95-96EB4D5F8CA1}.Release|x86.Build.0 = Release|Any CPU
		{84F1B19C-D22A-4555-A9A0-CF6608EBE2DF}.Debug|Any CPU.ActiveCfg = Debug|x86
		{84F1B19C-D22A-4555-A9A0-CF6608EBE2DF}.Debug|Any CPU.Build.0 = Debug|x86
		{84F1B19C-D22A-4555-A9A0-CF6608EBE2DF}.Debug|Any CPU.Deploy.0 = Debug|x86
		{84F1B19C-D22A-4555-A9A0-CF6608EBE2DF}.Debug|arm64.ActiveCfg = Debug|arm64
		{84F1B19C-D22A-4555-A9A0-CF6608EBE2DF}.Debug|arm64.Build.0 = Debug|arm64
		{84F1B19C-D22A-4555-A9A0-CF6608EBE2DF}.Debug|arm64.Deploy.0 = Debug|arm64
		{84F1B19C-D22A-4555-A9A0-CF6608EBE2DF}.Debug|x64.ActiveCfg = Debug|x64
		{84F1B19C-D22A-4555-A9A0-CF6608EBE2DF}.Debug|x64.Build.0 = Debug|x64
		{84F1B19C-D22A-4555-A9A0-CF6608EBE2DF}.Debug|x64.Deploy.0 = Debug|x64
		{84F1B19C-D22A-4555-A9A0-CF6608EBE2DF}.Debug|x86.ActiveCfg = Debug|x86
		{84F1B19C-D22A-4555-A9A0-CF6608EBE2DF}.Debug|x86.Build.0 = Debug|x86
		{84F1B19C-D22A-4555-A9A0-CF6608EBE2DF}.Debug|x86.Deploy.0 = Debug|x86
		{84F1B19C-D22A-4555-A9A0-CF6608EBE2DF}.Release|Any CPU.ActiveCfg = Release|x86
		{84F1B19C-D22A-4555-A9A0-CF6608EBE2DF}.Release|arm64.ActiveCfg = Release|arm64
		{84F1B19C-D22A-4555-A9A0-CF6608EBE2DF}.Release|arm64.Build.0 = Release|arm64
		{84F1B19C-D22A-4555-A9A0-CF6608EBE2DF}.Release|arm64.Deploy.0 = Release|arm64
		{84F1B19C-D22A-4555-A9A0-CF6608EBE2DF}.Release|x64.ActiveCfg = Release|x64
		{84F1B19C-D22A-4555-A9A0-CF6608EBE2DF}.Release|x64.Build.0 = Release|x64
		{84F1B19C-D22A-4555-A9A0-CF6608EBE2DF}.Release|x64.Deploy.0 = Release|x64
		{84F1B19C-D22A-4555-A9A0-CF6608EBE2DF}.Release|x86.ActiveCfg = Release|x86
		{84F1B19C-D22A-4555-A9A0-CF6608EBE2DF}.Release|x86.Build.0 = Release|x86
		{84F1B19C-D22A-4555-A9A0-CF6608EBE2DF}.Release|x86.Deploy.0 = Release|x86
		{1B6FDB20-46ED-4906-BE30-6B624CBB7965}.Debug|Any CPU.ActiveCfg = Debug|Any CPU
		{1B6FDB20-46ED-4906-BE30-6B624CBB7965}.Debug|Any CPU.Build.0 = Debug|Any CPU
		{1B6FDB20-46ED-4906-BE30-6B624CBB7965}.Debug|arm64.ActiveCfg = Debug|Any CPU
		{1B6FDB20-46ED-4906-BE30-6B624CBB7965}.Debug|arm64.Build.0 = Debug|Any CPU
		{1B6FDB20-46ED-4906-BE30-6B624CBB7965}.Debug|x64.ActiveCfg = Debug|Any CPU
		{1B6FDB20-46ED-4906-BE30-6B624CBB7965}.Debug|x64.Build.0 = Debug|Any CPU
		{1B6FDB20-46ED-4906-BE30-6B624CBB7965}.Debug|x86.ActiveCfg = Debug|Any CPU
		{1B6FDB20-46ED-4906-BE30-6B624CBB7965}.Debug|x86.Build.0 = Debug|Any CPU
		{1B6FDB20-46ED-4906-BE30-6B624CBB7965}.Release|Any CPU.ActiveCfg = Release|Any CPU
		{1B6FDB20-46ED-4906-BE30-6B624CBB7965}.Release|Any CPU.Build.0 = Release|Any CPU
		{1B6FDB20-46ED-4906-BE30-6B624CBB7965}.Release|arm64.ActiveCfg = Release|Any CPU
		{1B6FDB20-46ED-4906-BE30-6B624CBB7965}.Release|arm64.Build.0 = Release|Any CPU
		{1B6FDB20-46ED-4906-BE30-6B624CBB7965}.Release|x64.ActiveCfg = Release|Any CPU
		{1B6FDB20-46ED-4906-BE30-6B624CBB7965}.Release|x64.Build.0 = Release|Any CPU
		{1B6FDB20-46ED-4906-BE30-6B624CBB7965}.Release|x86.ActiveCfg = Release|Any CPU
		{1B6FDB20-46ED-4906-BE30-6B624CBB7965}.Release|x86.Build.0 = Release|Any CPU
	EndGlobalSection
	GlobalSection(SolutionProperties) = preSolution
		HideSolutionNode = FALSE
	EndGlobalSection
	GlobalSection(ExtensibilityGlobals) = postSolution
		SolutionGuid = {8C5FBF8C-E4E3-4674-B5FA-A6DB155E033B}
	EndGlobalSection
EndGlobal
