
Microsoft Visual Studio Solution File, Format Version 12.00
# Visual Studio Version 16
VisualStudioVersion = 16.0.32106.194
MinimumVisualStudioVersion = 10.0.40219.1
Project("{C7167F0D-BC9F-4E6E-AFE1-012C56B48DB5}") = "QuizLauncher (Package)", "QuizLauncher (Package)\QuizLauncher (Package).wapproj", "{55BBCD13-F8C3-419A-94BE-B5FD5DCF88E9}"
EndProject
Project("{9A19103F-16F7-4668-BE54-9A1E7A4F7556}") = "QuizLauncher", "QuizLauncher\QuizLauncher.csproj", "{7B8AD942-029B-481A-970D-C456C41F57C4}"
EndProject
Project("{9A19103F-16F7-4668-BE54-9A1E7A4F7556}") = "QuizLauncher.Core", "QuizLauncher.Core\QuizLauncher.Core.csproj", "{F0CBBEC2-16FF-4D11-9F76-3F5C6554D30C}"
EndProject
Global
	GlobalSection(SolutionConfigurationPlatforms) = preSolution
		Debug|Any CPU = Debug|Any CPU
		Debug|arm64 = Debug|arm64
		Debug|x64 = Debug|x64
		Debug|x86 = Debug|x86
		Release|Any CPU = Release|Any CPU
		Release|arm64 = Release|arm64
		Release|x64 = Release|x64
		Release|x86 = Release|x86
	EndGlobalSection
	GlobalSection(ProjectConfigurationPlatforms) = postSolution
		{55BBCD13-F8C3-419A-94BE-B5FD5DCF88E9}.Debug|Any CPU.ActiveCfg = Debug|x86
		{55BBCD13-F8C3-419A-94BE-B5FD5DCF88E9}.Debug|arm64.ActiveCfg = Debug|arm64
		{55BBCD13-F8C3-419A-94BE-B5FD5DCF88E9}.Debug|arm64.Build.0 = Debug|arm64
		{55BBCD13-F8C3-419A-94BE-B5FD5DCF88E9}.Debug|arm64.Deploy.0 = Debug|arm64
		{55BBCD13-F8C3-419A-94BE-B5FD5DCF88E9}.Debug|x64.ActiveCfg = Debug|x64
		{55BBCD13-F8C3-419A-94BE-B5FD5DCF88E9}.Debug|x64.Build.0 = Debug|x64
		{55BBCD13-F8C3-419A-94BE-B5FD5DCF88E9}.Debug|x64.Deploy.0 = Debug|x64
		{55BBCD13-F8C3-419A-94BE-B5FD5DCF88E9}.Debug|x86.ActiveCfg = Debug|x86
		{55BBCD13-F8C3-419A-94BE-B5FD5DCF88E9}.Debug|x86.Build.0 = Debug|x86
		{55BBCD13-F8C3-419A-94BE-B5FD5DCF88E9}.Debug|x86.Deploy.0 = Debug|x86
		{55BBCD13-F8C3-419A-94BE-B5FD5DCF88E9}.Release|Any CPU.ActiveCfg = Release|x86
		{55BBCD13-F8C3-419A-94BE-B5FD5DCF88E9}.Release|arm64.ActiveCfg = Release|arm64
		{55BBCD13-F8C3-419A-94BE-B5FD5DCF88E9}.Release|arm64.Build.0 = Release|arm64
		{55BBCD13-F8C3-419A-94BE-B5FD5DCF88E9}.Release|arm64.Deploy.0 = Release|arm64
		{55BBCD13-F8C3-419A-94BE-B5FD5DCF88E9}.Release|x64.ActiveCfg = Release|x64
		{55BBCD13-F8C3-419A-94BE-B5FD5DCF88E9}.Release|x64.Build.0 = Release|x64
		{55BBCD13-F8C3-419A-94BE-B5FD5DCF88E9}.Release|x64.Deploy.0 = Release|x64
		{55BBCD13-F8C3-419A-94BE-B5FD5DCF88E9}.Release|x86.ActiveCfg = Release|x86
		{55BBCD13-F8C3-419A-94BE-B5FD5DCF88E9}.Release|x86.Build.0 = Release|x86
		{55BBCD13-F8C3-419A-94BE-B5FD5DCF88E9}.Release|x86.Deploy.0 = Release|x86
		{7B8AD942-029B-481A-970D-C456C41F57C4}.Debug|Any CPU.ActiveCfg = Debug|x86
		{7B8AD942-029B-481A-970D-C456C41F57C4}.Debug|arm64.ActiveCfg = Debug|arm64
		{7B8AD942-029B-481A-970D-C456C41F57C4}.Debug|arm64.Build.0 = Debug|arm64
		{7B8AD942-029B-481A-970D-C456C41F57C4}.Debug|x64.ActiveCfg = Debug|x64
		{7B8AD942-029B-481A-970D-C456C41F57C4}.Debug|x64.Build.0 = Debug|x64
		{7B8AD942-029B-481A-970D-C456C41F57C4}.Debug|x86.ActiveCfg = Debug|x86
		{7B8AD942-029B-481A-970D-C456C41F57C4}.Debug|x86.Build.0 = Debug|x86
		{7B8AD942-029B-481A-970D-C456C41F57C4}.Release|Any CPU.ActiveCfg = Release|x86
		{7B8AD942-029B-481A-970D-C456C41F57C4}.Release|arm64.ActiveCfg = Release|arm64
		{7B8AD942-029B-481A-970D-C456C41F57C4}.Release|arm64.Build.0 = Release|arm64
		{7B8AD942-029B-481A-970D-C456C41F57C4}.Release|x64.ActiveCfg = Release|x64
		{7B8AD942-029B-481A-970D-C456C41F57C4}.Release|x64.Build.0 = Release|x64
		{7B8AD942-029B-481A-970D-C456C41F57C4}.Release|x86.ActiveCfg = Release|x86
		{7B8AD942-029B-481A-970D-C456C41F57C4}.Release|x86.Build.0 = Release|x86
		{F0CBBEC2-16FF-4D11-9F76-3F5C6554D30C}.Debug|Any CPU.ActiveCfg = Debug|Any CPU
		{F0CBBEC2-16FF-4D11-9F76-3F5C6554D30C}.Debug|Any CPU.Build.0 = Debug|Any CPU
		{F0CBBEC2-16FF-4D11-9F76-3F5C6554D30C}.Debug|arm64.ActiveCfg = Debug|Any CPU
		{F0CBBEC2-16FF-4D11-9F76-3F5C6554D30C}.Debug|arm64.Build.0 = Debug|Any CPU
		{F0CBBEC2-16FF-4D11-9F76-3F5C6554D30C}.Debug|x64.ActiveCfg = Debug|x64
		{F0CBBEC2-16FF-4D11-9F76-3F5C6554D30C}.Debug|x64.Build.0 = Debug|x64
		{F0CBBEC2-16FF-4D11-9F76-3F5C6554D30C}.Debug|x86.ActiveCfg = Debug|x86
		{F0CBBEC2-16FF-4D11-9F76-3F5C6554D30C}.Debug|x86.Build.0 = Debug|x86
		{F0CBBEC2-16FF-4D11-9F76-3F5C6554D30C}.Release|Any CPU.ActiveCfg = Release|Any CPU
		{F0CBBEC2-16FF-4D11-9F76-3F5C6554D30C}.Release|Any CPU.Build.0 = Release|Any CPU
		{F0CBBEC2-16FF-4D11-9F76-3F5C6554D30C}.Release|arm64.ActiveCfg = Release|Any CPU
		{F0CBBEC2-16FF-4D11-9F76-3F5C6554D30C}.Release|arm64.Build.0 = Release|Any CPU
		{F0CBBEC2-16FF-4D11-9F76-3F5C6554D30C}.Release|x64.ActiveCfg = Release|x64
		{F0CBBEC2-16FF-4D11-9F76-3F5C6554D30C}.Release|x64.Build.0 = Release|x64
		{F0CBBEC2-16FF-4D11-9F76-3F5C6554D30C}.Release|x86.ActiveCfg = Release|x86
		{F0CBBEC2-16FF-4D11-9F76-3F5C6554D30C}.Release|x86.Build.0 = Release|x86
	EndGlobalSection
	GlobalSection(SolutionProperties) = preSolution
		HideSolutionNode = FALSE
	EndGlobalSection
	GlobalSection(ExtensibilityGlobals) = postSolution
		SolutionGuid = {CB70F1B7-B604-4033-9FAB-D514C6697D52}
	EndGlobalSection
EndGlobal
